
Microsoft Visual Studio Solution File, Format Version 12.00
# Visual Studio Version 16
VisualStudioVersion = 16.0.29503.13
MinimumVisualStudioVersion = 10.0.40219.1
Project("{FAE04EC0-301F-11D3-BF4B-00C04F79EFBC}") = "hello-world", "hello-world\hello-world.csproj", "{8420B5FA-A501-4D46-9E8C-3D730B3CC326}"
EndProject
Global
	GlobalSection(SolutionConfigurationPlatforms) = preSolution
		Debug|Any CPU = Debug|Any CPU
		Release|Any CPU = Release|Any CPU
	EndGlobalSection
	GlobalSection(ProjectConfigurationPlatforms) = postSolution
		{8420B5FA-A501-4D46-9E8C-3D730B3CC326}.Debug|Any CPU.ActiveCfg = Debug|Any CPU
		{8420B5FA-A501-4D46-9E8C-3D730B3CC326}.Debug|Any CPU.Build.0 = Debug|Any CPU
		{8420B5FA-A501-4D46-9E8C-3D730B3CC326}.Release|Any CPU.ActiveCfg = Release|Any CPU
		{8420B5FA-A501-4D46-9E8C-3D730B3CC326}.Release|Any CPU.Build.0 = Release|Any CPU
	EndGlobalSection
	GlobalSection(SolutionProperties) = preSolution
		HideSolutionNode = FALSE
	EndGlobalSection
	GlobalSection(ExtensibilityGlobals) = postSolution
		SolutionGuid = {86806DA0-299B-4061-BD91-ED8D6DFA95E0}
	EndGlobalSection
	GlobalSection(TeamFoundationVersionControl) = preSolution
		SccNumberOfProjects = 2
		SccEnterpriseProvider = {4CA58AB2-18FA-4F8D-95D4-32DDF27D184C}
		SccTeamFoundationServer = http://desktop-rd5g1bc/test
		SccLocalPath0 = .
		SccProjectUniqueName1 = hello-world\\hello-world.csproj
		SccProjectName1 = hello-world
		SccLocalPath1 = hello-world
	EndGlobalSection
EndGlobal
