
Microsoft Visual Studio Solution File, Format Version 12.00
# Visual Studio Version 16
VisualStudioVersion = 16.0.29613.14
MinimumVisualStudioVersion = 10.0.40219.1
Project("{FAE04EC0-301F-11D3-BF4B-00C04F79EFBC}") = "payment_project", "payment_project.csproj", "{BC9ED0DF-1835-4F35-85A4-CEC7AF6EBF12}"
EndProject
Global
	GlobalSection(SolutionConfigurationPlatforms) = preSolution
		Debug|Any CPU = Debug|Any CPU
		Release|Any CPU = Release|Any CPU
	EndGlobalSection
	GlobalSection(ProjectConfigurationPlatforms) = postSolution
		{BC9ED0DF-1835-4F35-85A4-CEC7AF6EBF12}.Debug|Any CPU.ActiveCfg = Debug|Any CPU
		{BC9ED0DF-1835-4F35-85A4-CEC7AF6EBF12}.Debug|Any CPU.Build.0 = Debug|Any CPU
		{BC9ED0DF-1835-4F35-85A4-CEC7AF6EBF12}.Release|Any CPU.ActiveCfg = Release|Any CPU
		{BC9ED0DF-1835-4F35-85A4-CEC7AF6EBF12}.Release|Any CPU.Build.0 = Release|Any CPU
	EndGlobalSection
	GlobalSection(SolutionProperties) = preSolution
		HideSolutionNode = FALSE
	EndGlobalSection
	GlobalSection(ExtensibilityGlobals) = postSolution
		SolutionGuid = {C7B89E09-44F8-4E75-B555-A2AFE46FCDAE}
	EndGlobalSection
	GlobalSection(TeamFoundationVersionControl) = preSolution
		SccNumberOfProjects = 2
		SccEnterpriseProvider = {4CA58AB2-18FA-4F8D-95D4-32DDF27D184C}
		SccTeamFoundationServer = http://desktop-rd5g1bc/test
		SccLocalPath0 = .
		SccProjectUniqueName1 = payment_project.csproj
		SccLocalPath1 = .
	EndGlobalSection
EndGlobal
